// !$*UTF8*$!
{
	archiveVersion = 1;
	classes = {
	};
	objectVersion = 56;
	objects = {

/* Begin PBXBuildFile section */
		5D2379D42A797C8700C1FA1D /* DataViewController.swift in Sources */ = {isa = PBXBuildFile; fileRef = 5D2379D32A797C8700C1FA1D /* DataViewController.swift */; };
		5D2379D72A797E3D00C1FA1D /* Model.xcdatamodeld in Sources */ = {isa = PBXBuildFile; fileRef = 5D2379D52A797E3D00C1FA1D /* Model.xcdatamodeld */; };
		5D2379DA2A797E9200C1FA1D /* Task+CoreDataClass.swift in Sources */ = {isa = PBXBuildFile; fileRef = 5D2379D82A797E9200C1FA1D /* Task+CoreDataClass.swift */; };
		5D2379DB2A797E9200C1FA1D /* Task+CoreDataProperties.swift in Sources */ = {isa = PBXBuildFile; fileRef = 5D2379D92A797E9200C1FA1D /* Task+CoreDataProperties.swift */; };
		5D2379DE2A797EC500C1FA1D /* CoreData.framework in Frameworks */ = {isa = PBXBuildFile; fileRef = 5D2379DD2A797EC500C1FA1D /* CoreData.framework */; };
		5D2379E02A797EE000C1FA1D /* DataBaseHelper.swift in Sources */ = {isa = PBXBuildFile; fileRef = 5D2379DF2A797EE000C1FA1D /* DataBaseHelper.swift */; };
		5D58B30B2A6A40B100490C3B /* AppDelegate.swift in Sources */ = {isa = PBXBuildFile; fileRef = 5D58B30A2A6A40B100490C3B /* AppDelegate.swift */; };
		5D58B30D2A6A40B100490C3B /* SceneDelegate.swift in Sources */ = {isa = PBXBuildFile; fileRef = 5D58B30C2A6A40B100490C3B /* SceneDelegate.swift */; };
		5D58B30F2A6A40B100490C3B /* ViewController.swift in Sources */ = {isa = PBXBuildFile; fileRef = 5D58B30E2A6A40B100490C3B /* ViewController.swift */; };
		5D58B3122A6A40B100490C3B /* Main.storyboard in Resources */ = {isa = PBXBuildFile; fileRef = 5D58B3102A6A40B100490C3B /* Main.storyboard */; };
		5D58B3142A6A40B200490C3B /* Assets.xcassets in Resources */ = {isa = PBXBuildFile; fileRef = 5D58B3132A6A40B200490C3B /* Assets.xcassets */; };
		5D58B3172A6A40B200490C3B /* LaunchScreen.storyboard in Resources */ = {isa = PBXBuildFile; fileRef = 5D58B3152A6A40B200490C3B /* LaunchScreen.storyboard */; };
		5D58B31F2A6A435800490C3B /* pomoappimage1.jpg in Resources */ = {isa = PBXBuildFile; fileRef = 5D58B31E2A6A435800490C3B /* pomoappimage1.jpg */; };
		5D58B3212A6A43D300490C3B /* MainViewController.swift in Sources */ = {isa = PBXBuildFile; fileRef = 5D58B3202A6A43D300490C3B /* MainViewController.swift */; };
		5D58B3232A6A4AA600490C3B /* PomodoreViewController.swift in Sources */ = {isa = PBXBuildFile; fileRef = 5D58B3222A6A4AA600490C3B /* PomodoreViewController.swift */; };
		5D58B3252A6A4ABB00490C3B /* TTViewController.swift in Sources */ = {isa = PBXBuildFile; fileRef = 5D58B3242A6A4ABB00490C3B /* TTViewController.swift */; };
		5D58B3272A6A4AC700490C3B /* ZenViewController.swift in Sources */ = {isa = PBXBuildFile; fileRef = 5D58B3262A6A4AC700490C3B /* ZenViewController.swift */; };
		5D58B3292A6A4AD200490C3B /* MambaViewController.swift in Sources */ = {isa = PBXBuildFile; fileRef = 5D58B3282A6A4AD200490C3B /* MambaViewController.swift */; };
		5D58B32B2A6BAA9A00490C3B /* alarm.mp3 in Resources */ = {isa = PBXBuildFile; fileRef = 5D58B32A2A6BAA9A00490C3B /* alarm.mp3 */; };
/* End PBXBuildFile section */

/* Begin PBXFileReference section */
		5D2379D32A797C8700C1FA1D /* DataViewController.swift */ = {isa = PBXFileReference; lastKnownFileType = sourcecode.swift; path = DataViewController.swift; sourceTree = "<group>"; };
		5D2379D62A797E3D00C1FA1D /* Model.xcdatamodel */ = {isa = PBXFileReference; lastKnownFileType = wrapper.xcdatamodel; path = Model.xcdatamodel; sourceTree = "<group>"; };
		5D2379D82A797E9200C1FA1D /* Task+CoreDataClass.swift */ = {isa = PBXFileReference; lastKnownFileType = sourcecode.swift; path = "Task+CoreDataClass.swift"; sourceTree = "<group>"; };
		5D2379D92A797E9200C1FA1D /* Task+CoreDataProperties.swift */ = {isa = PBXFileReference; lastKnownFileType = sourcecode.swift; path = "Task+CoreDataProperties.swift"; sourceTree = "<group>"; };
		5D2379DD2A797EC500C1FA1D /* CoreData.framework */ = {isa = PBXFileReference; lastKnownFileType = wrapper.framework; name = CoreData.framework; path = System/Library/Frameworks/CoreData.framework; sourceTree = SDKROOT; };
		5D2379DF2A797EE000C1FA1D /* DataBaseHelper.swift */ = {isa = PBXFileReference; lastKnownFileType = sourcecode.swift; path = DataBaseHelper.swift; sourceTree = "<group>"; };
		5D58B3072A6A40B100490C3B /* MAMBA.app */ = {isa = PBXFileReference; explicitFileType = wrapper.application; includeInIndex = 0; path = MAMBA.app; sourceTree = BUILT_PRODUCTS_DIR; };
		5D58B30A2A6A40B100490C3B /* AppDelegate.swift */ = {isa = PBXFileReference; lastKnownFileType = sourcecode.swift; path = AppDelegate.swift; sourceTree = "<group>"; };
		5D58B30C2A6A40B100490C3B /* SceneDelegate.swift */ = {isa = PBXFileReference; lastKnownFileType = sourcecode.swift; path = SceneDelegate.swift; sourceTree = "<group>"; };
		5D58B30E2A6A40B100490C3B /* ViewController.swift */ = {isa = PBXFileReference; lastKnownFileType = sourcecode.swift; path = ViewController.swift; sourceTree = "<group>"; };
		5D58B3112A6A40B100490C3B /* Base */ = {isa = PBXFileReference; lastKnownFileType = file.storyboard; name = Base; path = Base.lproj/Main.storyboard; sourceTree = "<group>"; };
		5D58B3132A6A40B200490C3B /* Assets.xcassets */ = {isa = PBXFileReference; lastKnownFileType = folder.assetcatalog; path = Assets.xcassets; sourceTree = "<group>"; };
		5D58B3162A6A40B200490C3B /* Base */ = {isa = PBXFileReference; lastKnownFileType = file.storyboard; name = Base; path = Base.lproj/LaunchScreen.storyboard; sourceTree = "<group>"; };
		5D58B3182A6A40B200490C3B /* Info.plist */ = {isa = PBXFileReference; lastKnownFileType = text.plist.xml; path = Info.plist; sourceTree = "<group>"; };
		5D58B31E2A6A435800490C3B /* pomoappimage1.jpg */ = {isa = PBXFileReference; lastKnownFileType = image.jpeg; path = pomoappimage1.jpg; sourceTree = "<group>"; };
		5D58B3202A6A43D300490C3B /* MainViewController.swift */ = {isa = PBXFileReference; lastKnownFileType = sourcecode.swift; path = MainViewController.swift; sourceTree = "<group>"; };
		5D58B3222A6A4AA600490C3B /* PomodoreViewController.swift */ = {isa = PBXFileReference; lastKnownFileType = sourcecode.swift; path = PomodoreViewController.swift; sourceTree = "<group>"; };
		5D58B3242A6A4ABB00490C3B /* TTViewController.swift */ = {isa = PBXFileReference; lastKnownFileType = sourcecode.swift; path = TTViewController.swift; sourceTree = "<group>"; };
		5D58B3262A6A4AC700490C3B /* ZenViewController.swift */ = {isa = PBXFileReference; lastKnownFileType = sourcecode.swift; path = ZenViewController.swift; sourceTree = "<group>"; };
		5D58B3282A6A4AD200490C3B /* MambaViewController.swift */ = {isa = PBXFileReference; lastKnownFileType = sourcecode.swift; path = MambaViewController.swift; sourceTree = "<group>"; };
		5D58B32A2A6BAA9A00490C3B /* alarm.mp3 */ = {isa = PBXFileReference; lastKnownFileType = audio.mp3; path = alarm.mp3; sourceTree = "<group>"; };
/* End PBXFileReference section */

/* Begin PBXFrameworksBuildPhase section */
		5D58B3042A6A40B100490C3B /* Frameworks */ = {
			isa = PBXFrameworksBuildPhase;
			buildActionMask = 2147483647;
			files = (
				5D2379DE2A797EC500C1FA1D /* CoreData.framework in Frameworks */,
			);
			runOnlyForDeploymentPostprocessing = 0;
		};
/* End PBXFrameworksBuildPhase section */

/* Begin PBXGroup section */
		5D2379DC2A797EC500C1FA1D /* Frameworks */ = {
			isa = PBXGroup;
			children = (
				5D2379DD2A797EC500C1FA1D /* CoreData.framework */,
			);
			name = Frameworks;
			sourceTree = "<group>";
		};
		5D58B2FE2A6A40B100490C3B = {
			isa = PBXGroup;
			children = (
				5D58B3092A6A40B100490C3B /* MAMBA */,
				5D58B3082A6A40B100490C3B /* Products */,
				5D2379DC2A797EC500C1FA1D /* Frameworks */,
			);
			sourceTree = "<group>";
		};
		5D58B3082A6A40B100490C3B /* Products */ = {
			isa = PBXGroup;
			children = (
				5D58B3072A6A40B100490C3B /* MAMBA.app */,
			);
			name = Products;
			sourceTree = "<group>";
		};
		5D58B3092A6A40B100490C3B /* MAMBA */ = {
			isa = PBXGroup;
			children = (
				5D58B30A2A6A40B100490C3B /* AppDelegate.swift */,
				5D58B3282A6A4AD200490C3B /* MambaViewController.swift */,
				5D2379D82A797E9200C1FA1D /* Task+CoreDataClass.swift */,
				5D2379D92A797E9200C1FA1D /* Task+CoreDataProperties.swift */,
				5D58B3262A6A4AC700490C3B /* ZenViewController.swift */,
				5D58B3242A6A4ABB00490C3B /* TTViewController.swift */,
				5D2379DF2A797EE000C1FA1D /* DataBaseHelper.swift */,
				5D2379D32A797C8700C1FA1D /* DataViewController.swift */,
				5D2379D52A797E3D00C1FA1D /* Model.xcdatamodeld */,
				5D58B3222A6A4AA600490C3B /* PomodoreViewController.swift */,
				5D58B30C2A6A40B100490C3B /* SceneDelegate.swift */,
				5D58B31E2A6A435800490C3B /* pomoappimage1.jpg */,
				5D58B30E2A6A40B100490C3B /* ViewController.swift */,
				5D58B3102A6A40B100490C3B /* Main.storyboard */,
				5D58B3202A6A43D300490C3B /* MainViewController.swift */,
				5D58B3132A6A40B200490C3B /* Assets.xcassets */,
				5D58B32A2A6BAA9A00490C3B /* alarm.mp3 */,
				5D58B3152A6A40B200490C3B /* LaunchScreen.storyboard */,
				5D58B3182A6A40B200490C3B /* Info.plist */,
			);
			path = MAMBA;
			sourceTree = "<group>";
		};
/* End PBXGroup section */

/* Begin PBXNativeTarget section */
		5D58B3062A6A40B100490C3B /* MAMBA */ = {
			isa = PBXNativeTarget;
			buildConfigurationList = 5D58B31B2A6A40B200490C3B /* Build configuration list for PBXNativeTarget "MAMBA" */;
			buildPhases = (
				5D58B3032A6A40B100490C3B /* Sources */,
				5D58B3042A6A40B100490C3B /* Frameworks */,
				5D58B3052A6A40B100490C3B /* Resources */,
			);
			buildRules = (
			);
			dependencies = (
			);
			name = MAMBA;
			productName = MAMBA;
			productReference = 5D58B3072A6A40B100490C3B /* MAMBA.app */;
			productType = "com.apple.product-type.application";
		};
/* End PBXNativeTarget section */

/* Begin PBXProject section */
		5D58B2FF2A6A40B100490C3B /* Project object */ = {
			isa = PBXProject;
			attributes = {
				BuildIndependentTargetsInParallel = 1;
				LastSwiftUpdateCheck = 1430;
				LastUpgradeCheck = 1430;
				TargetAttributes = {
					5D58B3062A6A40B100490C3B = {
						CreatedOnToolsVersion = 14.3.1;
					};
				};
			};
			buildConfigurationList = 5D58B3022A6A40B100490C3B /* Build configuration list for PBXProject "MAMBA" */;
			compatibilityVersion = "Xcode 14.0";
			developmentRegion = en;
			hasScannedForEncodings = 0;
			knownRegions = (
				en,
				Base,
			);
			mainGroup = 5D58B2FE2A6A40B100490C3B;
			productRefGroup = 5D58B3082A6A40B100490C3B /* Products */;
			projectDirPath = "";
			projectRoot = "";
			targets = (
				5D58B3062A6A40B100490C3B /* MAMBA */,
			);
		};
/* End PBXProject section */

/* Begin PBXResourcesBuildPhase section */
		5D58B3052A6A40B100490C3B /* Resources */ = {
			isa = PBXResourcesBuildPhase;
			buildActionMask = 2147483647;
			files = (
				5D58B31F2A6A435800490C3B /* pomoappimage1.jpg in Resources */,
				5D58B3172A6A40B200490C3B /* LaunchScreen.storyboard in Resources */,
				5D58B3142A6A40B200490C3B /* Assets.xcassets in Resources */,
				5D58B3122A6A40B100490C3B /* Main.storyboard in Resources */,
				5D58B32B2A6BAA9A00490C3B /* alarm.mp3 in Resources */,
			);
			runOnlyForDeploymentPostprocessing = 0;
		};
/* End PBXResourcesBuildPhase section */

/* Begin PBXSourcesBuildPhase section */
		5D58B3032A6A40B100490C3B /* Sources */ = {
			isa = PBXSourcesBuildPhase;
			buildActionMask = 2147483647;
			files = (
				5D58B30F2A6A40B100490C3B /* ViewController.swift in Sources */,
				5D2379D42A797C8700C1FA1D /* DataViewController.swift in Sources */,
				5D58B3292A6A4AD200490C3B /* MambaViewController.swift in Sources */,
				5D2379E02A797EE000C1FA1D /* DataBaseHelper.swift in Sources */,
				5D58B30B2A6A40B100490C3B /* AppDelegate.swift in Sources */,
				5D58B3252A6A4ABB00490C3B /* TTViewController.swift in Sources */,
				5D58B3272A6A4AC700490C3B /* ZenViewController.swift in Sources */,
				5D58B30D2A6A40B100490C3B /* SceneDelegate.swift in Sources */,
				5D2379D72A797E3D00C1FA1D /* Model.xcdatamodeld in Sources */,
				5D2379DA2A797E9200C1FA1D /* Task+CoreDataClass.swift in Sources */,
				5D58B3212A6A43D300490C3B /* MainViewController.swift in Sources */,
				5D2379DB2A797E9200C1FA1D /* Task+CoreDataProperties.swift in Sources */,
				5D58B3232A6A4AA600490C3B /* PomodoreViewController.swift in Sources */,
			);
			runOnlyForDeploymentPostprocessing = 0;
		};
/* End PBXSourcesBuildPhase section */

/* Begin PBXVariantGroup section */
		5D58B3102A6A40B100490C3B /* Main.storyboard */ = {
			isa = PBXVariantGroup;
			children = (
				5D58B3112A6A40B100490C3B /* Base */,
			);
			name = Main.storyboard;
			sourceTree = "<group>";
		};
		5D58B3152A6A40B200490C3B /* LaunchScreen.storyboard */ = {
			isa = PBXVariantGroup;
			children = (
				5D58B3162A6A40B200490C3B /* Base */,
			);
			name = LaunchScreen.storyboard;
			sourceTree = "<group>";
		};
/* End PBXVariantGroup section */

/* Begin XCBuildConfiguration section */
		5D58B3192A6A40B200490C3B /* Debug */ = {
			isa = XCBuildConfiguration;
			buildSettings = {
				ALWAYS_SEARCH_USER_PATHS = NO;
				CLANG_ANALYZER_NONNULL = YES;
				CLANG_ANALYZER_NUMBER_OBJECT_CONVERSION = YES_AGGRESSIVE;
				CLANG_CXX_LANGUAGE_STANDARD = "gnu++20";
				CLANG_ENABLE_MODULES = YES;
				CLANG_ENABLE_OBJC_ARC = YES;
				CLANG_ENABLE_OBJC_WEAK = YES;
				CLANG_WARN_BLOCK_CAPTURE_AUTORELEASING = YES;
				CLANG_WARN_BOOL_CONVERSION = YES;
				CLANG_WARN_COMMA = YES;
				CLANG_WARN_CONSTANT_CONVERSION = YES;
				CLANG_WARN_DEPRECATED_OBJC_IMPLEMENTATIONS = YES;
				CLANG_WARN_DIRECT_OBJC_ISA_USAGE = YES_ERROR;
				CLANG_WARN_DOCUMENTATION_COMMENTS = YES;
				CLANG_WARN_EMPTY_BODY = YES;
				CLANG_WARN_ENUM_CONVERSION = YES;
				CLANG_WARN_INFINITE_RECURSION = YES;
				CLANG_WARN_INT_CONVERSION = YES;
				CLANG_WARN_NON_LITERAL_NULL_CONVERSION = YES;
				CLANG_WARN_OBJC_IMPLICIT_RETAIN_SELF = YES;
				CLANG_WARN_OBJC_LITERAL_CONVERSION = YES;
				CLANG_WARN_OBJC_ROOT_CLASS = YES_ERROR;
				CLANG_WARN_QUOTED_INCLUDE_IN_FRAMEWORK_HEADER = YES;
				CLANG_WARN_RANGE_LOOP_ANALYSIS = YES;
				CLANG_WARN_STRICT_PROTOTYPES = YES;
				CLANG_WARN_SUSPICIOUS_MOVE = YES;
				CLANG_WARN_UNGUARDED_AVAILABILITY = YES_AGGRESSIVE;
				CLANG_WARN_UNREACHABLE_CODE = YES;
				CLANG_WARN__DUPLICATE_METHOD_MATCH = YES;
				COPY_PHASE_STRIP = NO;
				DEBUG_INFORMATION_FORMAT = dwarf;
				ENABLE_STRICT_OBJC_MSGSEND = YES;
				ENABLE_TESTABILITY = YES;
				GCC_C_LANGUAGE_STANDARD = gnu11;
				GCC_DYNAMIC_NO_PIC = NO;
				GCC_NO_COMMON_BLOCKS = YES;
				GCC_OPTIMIZATION_LEVEL = 0;
				GCC_PREPROCESSOR_DEFINITIONS = (
					"DEBUG=1",
					"$(inherited)",
				);
				GCC_WARN_64_TO_32_BIT_CONVERSION = YES;
				GCC_WARN_ABOUT_RETURN_TYPE = YES_ERROR;
				GCC_WARN_UNDECLARED_SELECTOR = YES;
				GCC_WARN_UNINITIALIZED_AUTOS = YES_AGGRESSIVE;
				GCC_WARN_UNUSED_FUNCTION = YES;
				GCC_WARN_UNUSED_VARIABLE = YES;
				IPHONEOS_DEPLOYMENT_TARGET = 16.4;
				MTL_ENABLE_DEBUG_INFO = INCLUDE_SOURCE;
				MTL_FAST_MATH = YES;
				ONLY_ACTIVE_ARCH = YES;
				SDKROOT = iphoneos;
				SWIFT_ACTIVE_COMPILATION_CONDITIONS = DEBUG;
				SWIFT_OPTIMIZATION_LEVEL = "-Onone";
			};
			name = Debug;
		};
		5D58B31A2A6A40B200490C3B /* Release */ = {
			isa = XCBuildConfiguration;
			buildSettings = {
				ALWAYS_SEARCH_USER_PATHS = NO;
				CLANG_ANALYZER_NONNULL = YES;
				CLANG_ANALYZER_NUMBER_OBJECT_CONVERSION = YES_AGGRESSIVE;
				CLANG_CXX_LANGUAGE_STANDARD = "gnu++20";
				CLANG_ENABLE_MODULES = YES;
				CLANG_ENABLE_OBJC_ARC = YES;
				CLANG_ENABLE_OBJC_WEAK = YES;
				CLANG_WARN_BLOCK_CAPTURE_AUTORELEASING = YES;
				CLANG_WARN_BOOL_CONVERSION = YES;
				CLANG_WARN_COMMA = YES;
				CLANG_WARN_CONSTANT_CONVERSION = YES;
				CLANG_WARN_DEPRECATED_OBJC_IMPLEMENTATIONS = YES;
				CLANG_WARN_DIRECT_OBJC_ISA_USAGE = YES_ERROR;
				CLANG_WARN_DOCUMENTATION_COMMENTS = YES;
				CLANG_WARN_EMPTY_BODY = YES;
				CLANG_WARN_ENUM_CONVERSION = YES;
				CLANG_WARN_INFINITE_RECURSION = YES;
				CLANG_WARN_INT_CONVERSION = YES;
				CLANG_WARN_NON_LITERAL_NULL_CONVERSION = YES;
				CLANG_WARN_OBJC_IMPLICIT_RETAIN_SELF = YES;
				CLANG_WARN_OBJC_LITERAL_CONVERSION = YES;
				CLANG_WARN_OBJC_ROOT_CLASS = YES_ERROR;
				CLANG_WARN_QUOTED_INCLUDE_IN_FRAMEWORK_HEADER = YES;
				CLANG_WARN_RANGE_LOOP_ANALYSIS = YES;
				CLANG_WARN_STRICT_PROTOTYPES = YES;
				CLANG_WARN_SUSPICIOUS_MOVE = YES;
				CLANG_WARN_UNGUARDED_AVAILABILITY = YES_AGGRESSIVE;
				CLANG_WARN_UNREACHABLE_CODE = YES;
				CLANG_WARN__DUPLICATE_METHOD_MATCH = YES;
				COPY_PHASE_STRIP = NO;
				DEBUG_INFORMATION_FORMAT = "dwarf-with-dsym";
				ENABLE_NS_ASSERTIONS = NO;
				ENABLE_STRICT_OBJC_MSGSEND = YES;
				GCC_C_LANGUAGE_STANDARD = gnu11;
				GCC_NO_COMMON_BLOCKS = YES;
				GCC_WARN_64_TO_32_BIT_CONVERSION = YES;
				GCC_WARN_ABOUT_RETURN_TYPE = YES_ERROR;
				GCC_WARN_UNDECLARED_SELECTOR = YES;
				GCC_WARN_UNINITIALIZED_AUTOS = YES_AGGRESSIVE;
				GCC_WARN_UNUSED_FUNCTION = YES;
				GCC_WARN_UNUSED_VARIABLE = YES;
				IPHONEOS_DEPLOYMENT_TARGET = 16.4;
				MTL_ENABLE_DEBUG_INFO = NO;
				MTL_FAST_MATH = YES;
				SDKROOT = iphoneos;
				SWIFT_COMPILATION_MODE = wholemodule;
				SWIFT_OPTIMIZATION_LEVEL = "-O";
				VALIDATE_PRODUCT = YES;
			};
			name = Release;
		};
		5D58B31C2A6A40B200490C3B /* Debug */ = {
			isa = XCBuildConfiguration;
			buildSettings = {
				ASSETCATALOG_COMPILER_APPICON_NAME = AppIcon;
				ASSETCATALOG_COMPILER_GLOBAL_ACCENT_COLOR_NAME = AccentColor;
				CODE_SIGN_STYLE = Automatic;
				CURRENT_PROJECT_VERSION = 1;
				DEVELOPMENT_TEAM = SJBBCP247C;
				GENERATE_INFOPLIST_FILE = YES;
				INFOPLIST_FILE = MAMBA/Info.plist;
				INFOPLIST_KEY_UIApplicationSupportsIndirectInputEvents = YES;
				INFOPLIST_KEY_UILaunchStoryboardName = LaunchScreen;
				INFOPLIST_KEY_UIMainStoryboardFile = Main;
				INFOPLIST_KEY_UISupportedInterfaceOrientations_iPad = "UIInterfaceOrientationPortrait UIInterfaceOrientationPortraitUpsideDown UIInterfaceOrientationLandscapeLeft UIInterfaceOrientationLandscapeRight";
				INFOPLIST_KEY_UISupportedInterfaceOrientations_iPhone = "UIInterfaceOrientationPortrait UIInterfaceOrientationLandscapeLeft UIInterfaceOrientationLandscapeRight";
				LD_RUNPATH_SEARCH_PATHS = (
					"$(inherited)",
					"@executable_path/Frameworks",
				);
				MARKETING_VERSION = 1.0;
				PRODUCT_BUNDLE_IDENTIFIER = com.myfirstproject.MAMBA;
				PRODUCT_NAME = "$(TARGET_NAME)";
				SWIFT_EMIT_LOC_STRINGS = YES;
				SWIFT_VERSION = 5.0;
				TARGETED_DEVICE_FAMILY = "1,2";
			};
			name = Debug;
		};
		5D58B31D2A6A40B200490C3B /* Release */ = {
			isa = XCBuildConfiguration;
			buildSettings = {
				ASSETCATALOG_COMPILER_APPICON_NAME = AppIcon;
				ASSETCATALOG_COMPILER_GLOBAL_ACCENT_COLOR_NAME = AccentColor;
				CODE_SIGN_STYLE = Automatic;
				CURRENT_PROJECT_VERSION = 1;
				DEVELOPMENT_TEAM = SJBBCP247C;
				GENERATE_INFOPLIST_FILE = YES;
				INFOPLIST_FILE = MAMBA/Info.plist;
				INFOPLIST_KEY_UIApplicationSupportsIndirectInputEvents = YES;
				INFOPLIST_KEY_UILaunchStoryboardName = LaunchScreen;
				INFOPLIST_KEY_UIMainStoryboardFile = Main;
				INFOPLIST_KEY_UISupportedInterfaceOrientations_iPad = "UIInterfaceOrientationPortrait UIInterfaceOrientationPortraitUpsideDown UIInterfaceOrientationLandscapeLeft UIInterfaceOrientationLandscapeRight";
				INFOPLIST_KEY_UISupportedInterfaceOrientations_iPhone = "UIInterfaceOrientationPortrait UIInterfaceOrientationLandscapeLeft UIInterfaceOrientationLandscapeRight";
				LD_RUNPATH_SEARCH_PATHS = (
					"$(inherited)",
					"@executable_path/Frameworks",
				);
				MARKETING_VERSION = 1.0;
				PRODUCT_BUNDLE_IDENTIFIER = com.myfirstproject.MAMBA;
				PRODUCT_NAME = "$(TARGET_NAME)";
				SWIFT_EMIT_LOC_STRINGS = YES;
				SWIFT_VERSION = 5.0;
				TARGETED_DEVICE_FAMILY = "1,2";
			};
			name = Release;
		};
/* End XCBuildConfiguration section */

/* Begin XCConfigurationList section */
		5D58B3022A6A40B100490C3B /* Build configuration list for PBXProject "MAMBA" */ = {
			isa = XCConfigurationList;
			buildConfigurations = (
				5D58B3192A6A40B200490C3B /* Debug */,
				5D58B31A2A6A40B200490C3B /* Release */,
			);
			defaultConfigurationIsVisible = 0;
			defaultConfigurationName = Release;
		};
		5D58B31B2A6A40B200490C3B /* Build configuration list for PBXNativeTarget "MAMBA" */ = {
			isa = XCConfigurationList;
			buildConfigurations = (
				5D58B31C2A6A40B200490C3B /* Debug */,
				5D58B31D2A6A40B200490C3B /* Release */,
			);
			defaultConfigurationIsVisible = 0;
			defaultConfigurationName = Release;
		};
/* End XCConfigurationList section */

/* Begin XCVersionGroup section */
		5D2379D52A797E3D00C1FA1D /* Model.xcdatamodeld */ = {
			isa = XCVersionGroup;
			children = (
				5D2379D62A797E3D00C1FA1D /* Model.xcdatamodel */,
			);
			currentVersion = 5D2379D62A797E3D00C1FA1D /* Model.xcdatamodel */;
			path = Model.xcdatamodeld;
			sourceTree = "<group>";
			versionGroupType = wrapper.xcdatamodel;
		};
/* End XCVersionGroup section */
	};
	rootObject = 5D58B2FF2A6A40B100490C3B /* Project object */;
}
